{
  "originHash" : "97c6a6e2e70fb7df8f8826982344b036038acf8b50d1a5bd395909f7ee14ea9e",
  "pins" : [
    {
      "identity" : "fancytoastkit",
      "kind" : "remoteSourceControl",
      "location" : "https://github.com/ankush445/FancyToastKit.git",
      "state" : {
        "branch" : "main",
        "revision" : "1d92104cce777e8253146998a9730561fb2ea026"
      }
    },
    {
      "identity" : "swiftui_loader",
      "kind" : "remoteSourceControl",
      "location" : "https://github.com/ankush445/SwiftUI_Loader.git",
      "state" : {
        "branch" : "main",
        "revision" : "09f13a56bfd7316ae652ad4469d6023f2c4dbbda"
      }
    }
  ],
  "version" : 3
}
